
Microsoft Visual Studio Solution File, Format Version 12.00
# Visual Studio Version 17
VisualStudioVersion = 17.8.34525.116
MinimumVisualStudioVersion = 10.0.40219.1
Project("{FAE04EC0-301F-11D3-BF4B-00C04F79EFBC}") = "Housing", "Housing\Housing.csproj", "{CEA7537A-AA1D-4264-844F-C4E3F4692DEE}"
EndProject
Global
	GlobalSection(SolutionConfigurationPlatforms) = preSolution
		Debug|Any CPU = Debug|Any CPU
		Release|Any CPU = Release|Any CPU
	EndGlobalSection
	GlobalSection(ProjectConfigurationPlatforms) = postSolution
		{CEA7537A-AA1D-4264-844F-C4E3F4692DEE}.Debug|Any CPU.ActiveCfg = Debug|Any CPU
		{CEA7537A-AA1D-4264-844F-C4E3F4692DEE}.Debug|Any CPU.Build.0 = Debug|Any CPU
		{CEA7537A-AA1D-4264-844F-C4E3F4692DEE}.Release|Any CPU.ActiveCfg = Release|Any CPU
		{CEA7537A-AA1D-4264-844F-C4E3F4692DEE}.Release|Any CPU.Build.0 = Release|Any CPU
	EndGlobalSection
	GlobalSection(SolutionProperties) = preSolution
		HideSolutionNode = FALSE
	EndGlobalSection
	GlobalSection(ExtensibilityGlobals) = postSolution
		SolutionGuid = {23F1DB1E-4402-4CF3-A349-D947D75D4F2E}
	EndGlobalSection
EndGlobal
